// !$*UTF8*$!
{
	archiveVersion = 1;
	classes = {
	};
	objectVersion = 55;
	objects = {

/* Begin PBXBuildFile section */
		7C49FB7A28479C3700FB7CB6 /* MovieCell.swift in Sources */ = {isa = PBXBuildFile; fileRef = 7C49FB7928479C3700FB7CB6 /* MovieCell.swift */; };
		7C49FB7C2847E81100FB7CB6 /* MovieSearchListView.swift in Sources */ = {isa = PBXBuildFile; fileRef = 7C49FB7B2847E81100FB7CB6 /* MovieSearchListView.swift */; };
		7C49FB7F2847E8BC00FB7CB6 /* MovieSearchModel.swift in Sources */ = {isa = PBXBuildFile; fileRef = 7C49FB7E2847E8BC00FB7CB6 /* MovieSearchModel.swift */; };
		7C49FB812847E9AF00FB7CB6 /* MovieSearchCell.swift in Sources */ = {isa = PBXBuildFile; fileRef = 7C49FB802847E9AF00FB7CB6 /* MovieSearchCell.swift */; };
		7C6DD7A5284160CC00D909BB /* HorizontalMovieCardView.swift in Sources */ = {isa = PBXBuildFile; fileRef = 7C6DD7A4284160CC00D909BB /* HorizontalMovieCardView.swift */; };
		7C6DD7A82841640500D909BB /* MovieIntroView.swift in Sources */ = {isa = PBXBuildFile; fileRef = 7C6DD7A72841640500D909BB /* MovieIntroView.swift */; };
		7C6DD7AA2841656200D909BB /* HorizontalCastView.swift in Sources */ = {isa = PBXBuildFile; fileRef = 7C6DD7A92841656200D909BB /* HorizontalCastView.swift */; };
		7C7D7B22283EB52F00023455 /* ApiCall.swift in Sources */ = {isa = PBXBuildFile; fileRef = 7C7D7B21283EB52F00023455 /* ApiCall.swift */; };
		7C7D7B26283EC7DD00023455 /* MovieModel.swift in Sources */ = {isa = PBXBuildFile; fileRef = 7C7D7B25283EC7DD00023455 /* MovieModel.swift */; };
		7C8C843F28476DDC00AEDAED /* SearchView.swift in Sources */ = {isa = PBXBuildFile; fileRef = 7C8C843E28476DDC00AEDAED /* SearchView.swift */; };
		7C8C844128476EC600AEDAED /* MovieListView.swift in Sources */ = {isa = PBXBuildFile; fileRef = 7C8C844028476EC600AEDAED /* MovieListView.swift */; };
		7C8C84432847926800AEDAED /* MovieCategoryBoxView.swift in Sources */ = {isa = PBXBuildFile; fileRef = 7C8C84422847926800AEDAED /* MovieCategoryBoxView.swift */; };
		7CB537B828422F8B00E1CD4A /* BoxOfficeView.swift in Sources */ = {isa = PBXBuildFile; fileRef = 7CB537B728422F8A00E1CD4A /* BoxOfficeView.swift */; };
		7CB537BA284232C100E1CD4A /* FullPlotView.swift in Sources */ = {isa = PBXBuildFile; fileRef = 7CB537B9284232C100E1CD4A /* FullPlotView.swift */; };
		7CD74DA5283CC799000D696F /* ImdbApiParserApp.swift in Sources */ = {isa = PBXBuildFile; fileRef = 7CD74DA4283CC799000D696F /* ImdbApiParserApp.swift */; };
		7CD74DA7283CC799000D696F /* ContentView.swift in Sources */ = {isa = PBXBuildFile; fileRef = 7CD74DA6283CC799000D696F /* ContentView.swift */; };
		7CD74DA9283CC79D000D696F /* Assets.xcassets in Resources */ = {isa = PBXBuildFile; fileRef = 7CD74DA8283CC79D000D696F /* Assets.xcassets */; };
		7CD74DAC283CC79D000D696F /* Preview Assets.xcassets in Resources */ = {isa = PBXBuildFile; fileRef = 7CD74DAB283CC79D000D696F /* Preview Assets.xcassets */; };
		7CD74DB7283CC9B6000D696F /* HomeView.swift in Sources */ = {isa = PBXBuildFile; fileRef = 7CD74DB6283CC9B6000D696F /* HomeView.swift */; };
		7CD74DB9283CCA22000D696F /* HorizontalScrollView.swift in Sources */ = {isa = PBXBuildFile; fileRef = 7CD74DB8283CCA22000D696F /* HorizontalScrollView.swift */; };
		7CE3BA132840F81800C0C505 /* MovieDescriptionView.swift in Sources */ = {isa = PBXBuildFile; fileRef = 7CE3BA122840F81800C0C505 /* MovieDescriptionView.swift */; };
		7CE3BA162841037B00C0C505 /* CastView.swift in Sources */ = {isa = PBXBuildFile; fileRef = 7CE3BA152841037B00C0C505 /* CastView.swift */; };
		7CE3BA182841038900C0C505 /* CastDescriptionView.swift in Sources */ = {isa = PBXBuildFile; fileRef = 7CE3BA172841038900C0C505 /* CastDescriptionView.swift */; };
		7CE3BA1A28411AB300C0C505 /* movieInfo.json in Resources */ = {isa = PBXBuildFile; fileRef = 7CE3BA1928411AB300C0C505 /* movieInfo.json */; };
		7CE3BA1C28411E1D00C0C505 /* MovieInfoModel.swift in Sources */ = {isa = PBXBuildFile; fileRef = 7CE3BA1B28411E1D00C0C505 /* MovieInfoModel.swift */; };
		7CF4F3D1283F61E000E456AD /* movies.json in Resources */ = {isa = PBXBuildFile; fileRef = 7CF4F3D0283F61E000E456AD /* movies.json */; };
		7CF4F3D3283F62B400E456AD /* JsonLoader.swift in Sources */ = {isa = PBXBuildFile; fileRef = 7CF4F3D2283F62B400E456AD /* JsonLoader.swift */; };
		7CF4F3D5283FC65900E456AD /* UrlImageModel.swift in Sources */ = {isa = PBXBuildFile; fileRef = 7CF4F3D4283FC65900E456AD /* UrlImageModel.swift */; };
		7CF4F3D7283FC9F800E456AD /* UrlImageView.swift in Sources */ = {isa = PBXBuildFile; fileRef = 7CF4F3D6283FC9F800E456AD /* UrlImageView.swift */; };
/* End PBXBuildFile section */

/* Begin PBXFileReference section */
		7C49FB7928479C3700FB7CB6 /* MovieCell.swift */ = {isa = PBXFileReference; lastKnownFileType = sourcecode.swift; path = MovieCell.swift; sourceTree = "<group>"; };
		7C49FB7B2847E81100FB7CB6 /* MovieSearchListView.swift */ = {isa = PBXFileReference; lastKnownFileType = sourcecode.swift; path = MovieSearchListView.swift; sourceTree = "<group>"; };
		7C49FB7E2847E8BC00FB7CB6 /* MovieSearchModel.swift */ = {isa = PBXFileReference; lastKnownFileType = sourcecode.swift; path = MovieSearchModel.swift; sourceTree = "<group>"; };
		7C49FB802847E9AF00FB7CB6 /* MovieSearchCell.swift */ = {isa = PBXFileReference; lastKnownFileType = sourcecode.swift; path = MovieSearchCell.swift; sourceTree = "<group>"; };
		7C6DD7A4284160CC00D909BB /* HorizontalMovieCardView.swift */ = {isa = PBXFileReference; lastKnownFileType = sourcecode.swift; path = HorizontalMovieCardView.swift; sourceTree = "<group>"; };
		7C6DD7A72841640500D909BB /* MovieIntroView.swift */ = {isa = PBXFileReference; lastKnownFileType = sourcecode.swift; path = MovieIntroView.swift; sourceTree = "<group>"; };
		7C6DD7A92841656200D909BB /* HorizontalCastView.swift */ = {isa = PBXFileReference; lastKnownFileType = sourcecode.swift; path = HorizontalCastView.swift; sourceTree = "<group>"; };
		7C7D7B21283EB52F00023455 /* ApiCall.swift */ = {isa = PBXFileReference; lastKnownFileType = sourcecode.swift; path = ApiCall.swift; sourceTree = "<group>"; };
		7C7D7B25283EC7DD00023455 /* MovieModel.swift */ = {isa = PBXFileReference; lastKnownFileType = sourcecode.swift; path = MovieModel.swift; sourceTree = "<group>"; };
		7C8C843E28476DDC00AEDAED /* SearchView.swift */ = {isa = PBXFileReference; lastKnownFileType = sourcecode.swift; path = SearchView.swift; sourceTree = "<group>"; };
		7C8C844028476EC600AEDAED /* MovieListView.swift */ = {isa = PBXFileReference; lastKnownFileType = sourcecode.swift; path = MovieListView.swift; sourceTree = "<group>"; };
		7C8C84422847926800AEDAED /* MovieCategoryBoxView.swift */ = {isa = PBXFileReference; lastKnownFileType = sourcecode.swift; path = MovieCategoryBoxView.swift; sourceTree = "<group>"; };
		7CB537B728422F8A00E1CD4A /* BoxOfficeView.swift */ = {isa = PBXFileReference; lastKnownFileType = sourcecode.swift; path = BoxOfficeView.swift; sourceTree = "<group>"; };
		7CB537B9284232C100E1CD4A /* FullPlotView.swift */ = {isa = PBXFileReference; lastKnownFileType = sourcecode.swift; path = FullPlotView.swift; sourceTree = "<group>"; };
		7CD74DA1283CC799000D696F /* ImdbApiParser.app */ = {isa = PBXFileReference; explicitFileType = wrapper.application; includeInIndex = 0; path = ImdbApiParser.app; sourceTree = BUILT_PRODUCTS_DIR; };
		7CD74DA4283CC799000D696F /* ImdbApiParserApp.swift */ = {isa = PBXFileReference; lastKnownFileType = sourcecode.swift; path = ImdbApiParserApp.swift; sourceTree = "<group>"; };
		7CD74DA6283CC799000D696F /* ContentView.swift */ = {isa = PBXFileReference; lastKnownFileType = sourcecode.swift; path = ContentView.swift; sourceTree = "<group>"; };
		7CD74DA8283CC79D000D696F /* Assets.xcassets */ = {isa = PBXFileReference; lastKnownFileType = folder.assetcatalog; path = Assets.xcassets; sourceTree = "<group>"; };
		7CD74DAB283CC79D000D696F /* Preview Assets.xcassets */ = {isa = PBXFileReference; lastKnownFileType = folder.assetcatalog; path = "Preview Assets.xcassets"; sourceTree = "<group>"; };
		7CD74DB6283CC9B6000D696F /* HomeView.swift */ = {isa = PBXFileReference; lastKnownFileType = sourcecode.swift; path = HomeView.swift; sourceTree = "<group>"; };
		7CD74DB8283CCA22000D696F /* HorizontalScrollView.swift */ = {isa = PBXFileReference; lastKnownFileType = sourcecode.swift; path = HorizontalScrollView.swift; sourceTree = "<group>"; };
		7CE3BA122840F81800C0C505 /* MovieDescriptionView.swift */ = {isa = PBXFileReference; lastKnownFileType = sourcecode.swift; path = MovieDescriptionView.swift; sourceTree = "<group>"; };
		7CE3BA152841037B00C0C505 /* CastView.swift */ = {isa = PBXFileReference; lastKnownFileType = sourcecode.swift; path = CastView.swift; sourceTree = "<group>"; };
		7CE3BA172841038900C0C505 /* CastDescriptionView.swift */ = {isa = PBXFileReference; lastKnownFileType = sourcecode.swift; path = CastDescriptionView.swift; sourceTree = "<group>"; };
		7CE3BA1928411AB300C0C505 /* movieInfo.json */ = {isa = PBXFileReference; fileEncoding = 4; lastKnownFileType = text.json; path = movieInfo.json; sourceTree = "<group>"; };
		7CE3BA1B28411E1D00C0C505 /* MovieInfoModel.swift */ = {isa = PBXFileReference; lastKnownFileType = sourcecode.swift; path = MovieInfoModel.swift; sourceTree = "<group>"; };
		7CF4F3D0283F61E000E456AD /* movies.json */ = {isa = PBXFileReference; fileEncoding = 4; lastKnownFileType = text.json; path = movies.json; sourceTree = "<group>"; };
		7CF4F3D2283F62B400E456AD /* JsonLoader.swift */ = {isa = PBXFileReference; lastKnownFileType = sourcecode.swift; path = JsonLoader.swift; sourceTree = "<group>"; };
		7CF4F3D4283FC65900E456AD /* UrlImageModel.swift */ = {isa = PBXFileReference; lastKnownFileType = sourcecode.swift; path = UrlImageModel.swift; sourceTree = "<group>"; };
		7CF4F3D6283FC9F800E456AD /* UrlImageView.swift */ = {isa = PBXFileReference; lastKnownFileType = sourcecode.swift; path = UrlImageView.swift; sourceTree = "<group>"; };
/* End PBXFileReference section */

/* Begin PBXFrameworksBuildPhase section */
		7CD74D9E283CC799000D696F /* Frameworks */ = {
			isa = PBXFrameworksBuildPhase;
			buildActionMask = 2147483647;
			files = (
			);
			runOnlyForDeploymentPostprocessing = 0;
		};
/* End PBXFrameworksBuildPhase section */

/* Begin PBXGroup section */
		7C49FB7D2847E8A500FB7CB6 /* SearchList */ = {
			isa = PBXGroup;
			children = (
				7C49FB7B2847E81100FB7CB6 /* MovieSearchListView.swift */,
				7C49FB802847E9AF00FB7CB6 /* MovieSearchCell.swift */,
			);
			path = SearchList;
			sourceTree = "<group>";
		};
		7C6DD7A3284160A200D909BB /* Conponents */ = {
			isa = PBXGroup;
			children = (
				7CF4F3D6283FC9F800E456AD /* UrlImageView.swift */,
				7C6DD7A4284160CC00D909BB /* HorizontalMovieCardView.swift */,
			);
			path = Conponents;
			sourceTree = "<group>";
		};
		7C6DD7A6284163DD00D909BB /* Movie description */ = {
			isa = PBXGroup;
			children = (
				7CE3BA122840F81800C0C505 /* MovieDescriptionView.swift */,
				7C6DD7A72841640500D909BB /* MovieIntroView.swift */,
				7C6DD7A92841656200D909BB /* HorizontalCastView.swift */,
				7CB537B728422F8A00E1CD4A /* BoxOfficeView.swift */,
				7CB537B9284232C100E1CD4A /* FullPlotView.swift */,
			);
			path = "Movie description";
			sourceTree = "<group>";
		};
		7C8C843D28476DC000AEDAED /* Search */ = {
			isa = PBXGroup;
			children = (
				7C49FB7D2847E8A500FB7CB6 /* SearchList */,
				7C8C843E28476DDC00AEDAED /* SearchView.swift */,
				7C8C844028476EC600AEDAED /* MovieListView.swift */,
				7C8C84422847926800AEDAED /* MovieCategoryBoxView.swift */,
				7C49FB7928479C3700FB7CB6 /* MovieCell.swift */,
			);
			path = Search;
			sourceTree = "<group>";
		};
		7CD74D98283CC799000D696F = {
			isa = PBXGroup;
			children = (
				7CD74DA3283CC799000D696F /* ImdbApiParser */,
				7CD74DA2283CC799000D696F /* Products */,
			);
			sourceTree = "<group>";
		};
		7CD74DA2283CC799000D696F /* Products */ = {
			isa = PBXGroup;
			children = (
				7CD74DA1283CC799000D696F /* ImdbApiParser.app */,
			);
			name = Products;
			sourceTree = "<group>";
		};
		7CD74DA3283CC799000D696F /* ImdbApiParser */ = {
			isa = PBXGroup;
			children = (
				7CF4F3CF283F618000E456AD /* Resources */,
				7CD74DB4283CC85E000D696F /* Viewmodel */,
				7CD74DB3283CC858000D696F /* Model */,
				7CD74DB2283CC84A000D696F /* View */,
				7CD74DA4283CC799000D696F /* ImdbApiParserApp.swift */,
				7CF4F3D2283F62B400E456AD /* JsonLoader.swift */,
				7CD74DA8283CC79D000D696F /* Assets.xcassets */,
				7CD74DAA283CC79D000D696F /* Preview Content */,
			);
			path = ImdbApiParser;
			sourceTree = "<group>";
		};
		7CD74DAA283CC79D000D696F /* Preview Content */ = {
			isa = PBXGroup;
			children = (
				7CD74DAB283CC79D000D696F /* Preview Assets.xcassets */,
			);
			path = "Preview Content";
			sourceTree = "<group>";
		};
		7CD74DB2283CC84A000D696F /* View */ = {
			isa = PBXGroup;
			children = (
				7C8C843D28476DC000AEDAED /* Search */,
				7C6DD7A6284163DD00D909BB /* Movie description */,
				7C6DD7A3284160A200D909BB /* Conponents */,
				7CE3BA142841036D00C0C505 /* Cast */,
				7CD74DB5283CC9A0000D696F /* Home */,
				7CD74DA6283CC799000D696F /* ContentView.swift */,
			);
			path = View;
			sourceTree = "<group>";
		};
		7CD74DB3283CC858000D696F /* Model */ = {
			isa = PBXGroup;
			children = (
				7C7D7B25283EC7DD00023455 /* MovieModel.swift */,
				7CF4F3D4283FC65900E456AD /* UrlImageModel.swift */,
				7CE3BA1B28411E1D00C0C505 /* MovieInfoModel.swift */,
				7C49FB7E2847E8BC00FB7CB6 /* MovieSearchModel.swift */,
			);
			path = Model;
			sourceTree = "<group>";
		};
		7CD74DB4283CC85E000D696F /* Viewmodel */ = {
			isa = PBXGroup;
			children = (
				7C7D7B21283EB52F00023455 /* ApiCall.swift */,
			);
			path = Viewmodel;
			sourceTree = "<group>";
		};
		7CD74DB5283CC9A0000D696F /* Home */ = {
			isa = PBXGroup;
			children = (
				7CD74DB6283CC9B6000D696F /* HomeView.swift */,
				7CD74DB8283CCA22000D696F /* HorizontalScrollView.swift */,
			);
			path = Home;
			sourceTree = "<group>";
		};
		7CE3BA142841036D00C0C505 /* Cast */ = {
			isa = PBXGroup;
			children = (
				7CE3BA152841037B00C0C505 /* CastView.swift */,
				7CE3BA172841038900C0C505 /* CastDescriptionView.swift */,
			);
			path = Cast;
			sourceTree = "<group>";
		};
		7CF4F3CF283F618000E456AD /* Resources */ = {
			isa = PBXGroup;
			children = (
				7CE3BA1928411AB300C0C505 /* movieInfo.json */,
				7CF4F3D0283F61E000E456AD /* movies.json */,
			);
			path = Resources;
			sourceTree = "<group>";
		};
/* End PBXGroup section */

/* Begin PBXNativeTarget section */
		7CD74DA0283CC799000D696F /* ImdbApiParser */ = {
			isa = PBXNativeTarget;
			buildConfigurationList = 7CD74DAF283CC79D000D696F /* Build configuration list for PBXNativeTarget "ImdbApiParser" */;
			buildPhases = (
				7CD74D9D283CC799000D696F /* Sources */,
				7CD74D9E283CC799000D696F /* Frameworks */,
				7CD74D9F283CC799000D696F /* Resources */,
			);
			buildRules = (
			);
			dependencies = (
			);
			name = ImdbApiParser;
			productName = ImdbApiParser;
			productReference = 7CD74DA1283CC799000D696F /* ImdbApiParser.app */;
			productType = "com.apple.product-type.application";
		};
/* End PBXNativeTarget section */

/* Begin PBXProject section */
		7CD74D99283CC799000D696F /* Project object */ = {
			isa = PBXProject;
			attributes = {
				BuildIndependentTargetsInParallel = 1;
				LastSwiftUpdateCheck = 1340;
				LastUpgradeCheck = 1340;
				TargetAttributes = {
					7CD74DA0283CC799000D696F = {
						CreatedOnToolsVersion = 13.4;
					};
				};
			};
			buildConfigurationList = 7CD74D9C283CC799000D696F /* Build configuration list for PBXProject "ImdbApiParser" */;
			compatibilityVersion = "Xcode 13.0";
			developmentRegion = en;
			hasScannedForEncodings = 0;
			knownRegions = (
				en,
				Base,
			);
			mainGroup = 7CD74D98283CC799000D696F;
			productRefGroup = 7CD74DA2283CC799000D696F /* Products */;
			projectDirPath = "";
			projectRoot = "";
			targets = (
				7CD74DA0283CC799000D696F /* ImdbApiParser */,
			);
		};
/* End PBXProject section */

/* Begin PBXResourcesBuildPhase section */
		7CD74D9F283CC799000D696F /* Resources */ = {
			isa = PBXResourcesBuildPhase;
			buildActionMask = 2147483647;
			files = (
				7CF4F3D1283F61E000E456AD /* movies.json in Resources */,
				7CD74DAC283CC79D000D696F /* Preview Assets.xcassets in Resources */,
				7CE3BA1A28411AB300C0C505 /* movieInfo.json in Resources */,
				7CD74DA9283CC79D000D696F /* Assets.xcassets in Resources */,
			);
			runOnlyForDeploymentPostprocessing = 0;
		};
/* End PBXResourcesBuildPhase section */

/* Begin PBXSourcesBuildPhase section */
		7CD74D9D283CC799000D696F /* Sources */ = {
			isa = PBXSourcesBuildPhase;
			buildActionMask = 2147483647;
			files = (
				7C49FB7F2847E8BC00FB7CB6 /* MovieSearchModel.swift in Sources */,
				7CF4F3D3283F62B400E456AD /* JsonLoader.swift in Sources */,
				7C8C843F28476DDC00AEDAED /* SearchView.swift in Sources */,
				7C7D7B26283EC7DD00023455 /* MovieModel.swift in Sources */,
				7CF4F3D7283FC9F800E456AD /* UrlImageView.swift in Sources */,
				7C6DD7AA2841656200D909BB /* HorizontalCastView.swift in Sources */,
				7C7D7B22283EB52F00023455 /* ApiCall.swift in Sources */,
				7CE3BA1C28411E1D00C0C505 /* MovieInfoModel.swift in Sources */,
				7CE3BA132840F81800C0C505 /* MovieDescriptionView.swift in Sources */,
				7CE3BA162841037B00C0C505 /* CastView.swift in Sources */,
				7CB537BA284232C100E1CD4A /* FullPlotView.swift in Sources */,
				7CE3BA182841038900C0C505 /* CastDescriptionView.swift in Sources */,
				7CD74DB7283CC9B6000D696F /* HomeView.swift in Sources */,
				7CD74DB9283CCA22000D696F /* HorizontalScrollView.swift in Sources */,
				7CF4F3D5283FC65900E456AD /* UrlImageModel.swift in Sources */,
				7C49FB7A28479C3700FB7CB6 /* MovieCell.swift in Sources */,
				7C6DD7A5284160CC00D909BB /* HorizontalMovieCardView.swift in Sources */,
				7CB537B828422F8B00E1CD4A /* BoxOfficeView.swift in Sources */,
				7C6DD7A82841640500D909BB /* MovieIntroView.swift in Sources */,
				7C8C84432847926800AEDAED /* MovieCategoryBoxView.swift in Sources */,
				7C8C844128476EC600AEDAED /* MovieListView.swift in Sources */,
				7C49FB812847E9AF00FB7CB6 /* MovieSearchCell.swift in Sources */,
				7CD74DA7283CC799000D696F /* ContentView.swift in Sources */,
				7C49FB7C2847E81100FB7CB6 /* MovieSearchListView.swift in Sources */,
				7CD74DA5283CC799000D696F /* ImdbApiParserApp.swift in Sources */,
			);
			runOnlyForDeploymentPostprocessing = 0;
		};
/* End PBXSourcesBuildPhase section */

/* Begin XCBuildConfiguration section */
		7CD74DAD283CC79D000D696F /* Debug */ = {
			isa = XCBuildConfiguration;
			buildSettings = {
				ALWAYS_SEARCH_USER_PATHS = NO;
				CLANG_ANALYZER_NONNULL = YES;
				CLANG_ANALYZER_NUMBER_OBJECT_CONVERSION = YES_AGGRESSIVE;
				CLANG_CXX_LANGUAGE_STANDARD = "gnu++17";
				CLANG_ENABLE_MODULES = YES;
				CLANG_ENABLE_OBJC_ARC = YES;
				CLANG_ENABLE_OBJC_WEAK = YES;
				CLANG_WARN_BLOCK_CAPTURE_AUTORELEASING = YES;
				CLANG_WARN_BOOL_CONVERSION = YES;
				CLANG_WARN_COMMA = YES;
				CLANG_WARN_CONSTANT_CONVERSION = YES;
				CLANG_WARN_DEPRECATED_OBJC_IMPLEMENTATIONS = YES;
				CLANG_WARN_DIRECT_OBJC_ISA_USAGE = YES_ERROR;
				CLANG_WARN_DOCUMENTATION_COMMENTS = YES;
				CLANG_WARN_EMPTY_BODY = YES;
				CLANG_WARN_ENUM_CONVERSION = YES;
				CLANG_WARN_INFINITE_RECURSION = YES;
				CLANG_WARN_INT_CONVERSION = YES;
				CLANG_WARN_NON_LITERAL_NULL_CONVERSION = YES;
				CLANG_WARN_OBJC_IMPLICIT_RETAIN_SELF = YES;
				CLANG_WARN_OBJC_LITERAL_CONVERSION = YES;
				CLANG_WARN_OBJC_ROOT_CLASS = YES_ERROR;
				CLANG_WARN_QUOTED_INCLUDE_IN_FRAMEWORK_HEADER = YES;
				CLANG_WARN_RANGE_LOOP_ANALYSIS = YES;
				CLANG_WARN_STRICT_PROTOTYPES = YES;
				CLANG_WARN_SUSPICIOUS_MOVE = YES;
				CLANG_WARN_UNGUARDED_AVAILABILITY = YES_AGGRESSIVE;
				CLANG_WARN_UNREACHABLE_CODE = YES;
				CLANG_WARN__DUPLICATE_METHOD_MATCH = YES;
				COPY_PHASE_STRIP = NO;
				DEBUG_INFORMATION_FORMAT = dwarf;
				ENABLE_STRICT_OBJC_MSGSEND = YES;
				ENABLE_TESTABILITY = YES;
				GCC_C_LANGUAGE_STANDARD = gnu11;
				GCC_DYNAMIC_NO_PIC = NO;
				GCC_NO_COMMON_BLOCKS = YES;
				GCC_OPTIMIZATION_LEVEL = 0;
				GCC_PREPROCESSOR_DEFINITIONS = (
					"DEBUG=1",
					"$(inherited)",
				);
				GCC_WARN_64_TO_32_BIT_CONVERSION = YES;
				GCC_WARN_ABOUT_RETURN_TYPE = YES_ERROR;
				GCC_WARN_UNDECLARED_SELECTOR = YES;
				GCC_WARN_UNINITIALIZED_AUTOS = YES_AGGRESSIVE;
				GCC_WARN_UNUSED_FUNCTION = YES;
				GCC_WARN_UNUSED_VARIABLE = YES;
				IPHONEOS_DEPLOYMENT_TARGET = 15.0;
				MTL_ENABLE_DEBUG_INFO = INCLUDE_SOURCE;
				MTL_FAST_MATH = YES;
				ONLY_ACTIVE_ARCH = YES;
				SDKROOT = iphoneos;
				SWIFT_ACTIVE_COMPILATION_CONDITIONS = DEBUG;
				SWIFT_OPTIMIZATION_LEVEL = "-Onone";
			};
			name = Debug;
		};
		7CD74DAE283CC79D000D696F /* Release */ = {
			isa = XCBuildConfiguration;
			buildSettings = {
				ALWAYS_SEARCH_USER_PATHS = NO;
				CLANG_ANALYZER_NONNULL = YES;
				CLANG_ANALYZER_NUMBER_OBJECT_CONVERSION = YES_AGGRESSIVE;
				CLANG_CXX_LANGUAGE_STANDARD = "gnu++17";
				CLANG_ENABLE_MODULES = YES;
				CLANG_ENABLE_OBJC_ARC = YES;
				CLANG_ENABLE_OBJC_WEAK = YES;
				CLANG_WARN_BLOCK_CAPTURE_AUTORELEASING = YES;
				CLANG_WARN_BOOL_CONVERSION = YES;
				CLANG_WARN_COMMA = YES;
				CLANG_WARN_CONSTANT_CONVERSION = YES;
				CLANG_WARN_DEPRECATED_OBJC_IMPLEMENTATIONS = YES;
				CLANG_WARN_DIRECT_OBJC_ISA_USAGE = YES_ERROR;
				CLANG_WARN_DOCUMENTATION_COMMENTS = YES;
				CLANG_WARN_EMPTY_BODY = YES;
				CLANG_WARN_ENUM_CONVERSION = YES;
				CLANG_WARN_INFINITE_RECURSION = YES;
				CLANG_WARN_INT_CONVERSION = YES;
				CLANG_WARN_NON_LITERAL_NULL_CONVERSION = YES;
				CLANG_WARN_OBJC_IMPLICIT_RETAIN_SELF = YES;
				CLANG_WARN_OBJC_LITERAL_CONVERSION = YES;
				CLANG_WARN_OBJC_ROOT_CLASS = YES_ERROR;
				CLANG_WARN_QUOTED_INCLUDE_IN_FRAMEWORK_HEADER = YES;
				CLANG_WARN_RANGE_LOOP_ANALYSIS = YES;
				CLANG_WARN_STRICT_PROTOTYPES = YES;
				CLANG_WARN_SUSPICIOUS_MOVE = YES;
				CLANG_WARN_UNGUARDED_AVAILABILITY = YES_AGGRESSIVE;
				CLANG_WARN_UNREACHABLE_CODE = YES;
				CLANG_WARN__DUPLICATE_METHOD_MATCH = YES;
				COPY_PHASE_STRIP = NO;
				DEBUG_INFORMATION_FORMAT = "dwarf-with-dsym";
				ENABLE_NS_ASSERTIONS = NO;
				ENABLE_STRICT_OBJC_MSGSEND = YES;
				GCC_C_LANGUAGE_STANDARD = gnu11;
				GCC_NO_COMMON_BLOCKS = YES;
				GCC_WARN_64_TO_32_BIT_CONVERSION = YES;
				GCC_WARN_ABOUT_RETURN_TYPE = YES_ERROR;
				GCC_WARN_UNDECLARED_SELECTOR = YES;
				GCC_WARN_UNINITIALIZED_AUTOS = YES_AGGRESSIVE;
				GCC_WARN_UNUSED_FUNCTION = YES;
				GCC_WARN_UNUSED_VARIABLE = YES;
				IPHONEOS_DEPLOYMENT_TARGET = 15.0;
				MTL_ENABLE_DEBUG_INFO = NO;
				MTL_FAST_MATH = YES;
				SDKROOT = iphoneos;
				SWIFT_COMPILATION_MODE = wholemodule;
				SWIFT_OPTIMIZATION_LEVEL = "-O";
				VALIDATE_PRODUCT = YES;
			};
			name = Release;
		};
		7CD74DB0283CC79D000D696F /* Debug */ = {
			isa = XCBuildConfiguration;
			buildSettings = {
				ASSETCATALOG_COMPILER_APPICON_NAME = AppIcon;
				ASSETCATALOG_COMPILER_GLOBAL_ACCENT_COLOR_NAME = AccentColor;
				CODE_SIGN_STYLE = Automatic;
				CURRENT_PROJECT_VERSION = 1;
				DEVELOPMENT_ASSET_PATHS = "\"ImdbApiParser/Preview Content\"";
				DEVELOPMENT_TEAM = 75G68Y76M3;
				ENABLE_PREVIEWS = YES;
				GENERATE_INFOPLIST_FILE = YES;
				INFOPLIST_KEY_UIApplicationSceneManifest_Generation = YES;
				INFOPLIST_KEY_UIApplicationSupportsIndirectInputEvents = YES;
				INFOPLIST_KEY_UILaunchScreen_Generation = YES;
				INFOPLIST_KEY_UISupportedInterfaceOrientations_iPad = "UIInterfaceOrientationPortrait UIInterfaceOrientationPortraitUpsideDown UIInterfaceOrientationLandscapeLeft UIInterfaceOrientationLandscapeRight";
				INFOPLIST_KEY_UISupportedInterfaceOrientations_iPhone = "UIInterfaceOrientationPortrait UIInterfaceOrientationLandscapeLeft UIInterfaceOrientationLandscapeRight";
				LD_RUNPATH_SEARCH_PATHS = (
					"$(inherited)",
					"@executable_path/Frameworks",
				);
				MARKETING_VERSION = 1.0;
				PRODUCT_BUNDLE_IDENTIFIER = Tsyvilko.ImdbApiParser;
				PRODUCT_NAME = "$(TARGET_NAME)";
				SWIFT_EMIT_LOC_STRINGS = YES;
				SWIFT_VERSION = 5.0;
				TARGETED_DEVICE_FAMILY = "1,2";
			};
			name = Debug;
		};
		7CD74DB1283CC79D000D696F /* Release */ = {
			isa = XCBuildConfiguration;
			buildSettings = {
				ASSETCATALOG_COMPILER_APPICON_NAME = AppIcon;
				ASSETCATALOG_COMPILER_GLOBAL_ACCENT_COLOR_NAME = AccentColor;
				CODE_SIGN_STYLE = Automatic;
				CURRENT_PROJECT_VERSION = 1;
				DEVELOPMENT_ASSET_PATHS = "\"ImdbApiParser/Preview Content\"";
				DEVELOPMENT_TEAM = 75G68Y76M3;
				ENABLE_PREVIEWS = YES;
				GENERATE_INFOPLIST_FILE = YES;
				INFOPLIST_KEY_UIApplicationSceneManifest_Generation = YES;
				INFOPLIST_KEY_UIApplicationSupportsIndirectInputEvents = YES;
				INFOPLIST_KEY_UILaunchScreen_Generation = YES;
				INFOPLIST_KEY_UISupportedInterfaceOrientations_iPad = "UIInterfaceOrientationPortrait UIInterfaceOrientationPortraitUpsideDown UIInterfaceOrientationLandscapeLeft UIInterfaceOrientationLandscapeRight";
				INFOPLIST_KEY_UISupportedInterfaceOrientations_iPhone = "UIInterfaceOrientationPortrait UIInterfaceOrientationLandscapeLeft UIInterfaceOrientationLandscapeRight";
				LD_RUNPATH_SEARCH_PATHS = (
					"$(inherited)",
					"@executable_path/Frameworks",
				);
				MARKETING_VERSION = 1.0;
				PRODUCT_BUNDLE_IDENTIFIER = Tsyvilko.ImdbApiParser;
				PRODUCT_NAME = "$(TARGET_NAME)";
				SWIFT_EMIT_LOC_STRINGS = YES;
				SWIFT_VERSION = 5.0;
				TARGETED_DEVICE_FAMILY = "1,2";
			};
			name = Release;
		};
/* End XCBuildConfiguration section */

/* Begin XCConfigurationList section */
		7CD74D9C283CC799000D696F /* Build configuration list for PBXProject "ImdbApiParser" */ = {
			isa = XCConfigurationList;
			buildConfigurations = (
				7CD74DAD283CC79D000D696F /* Debug */,
				7CD74DAE283CC79D000D696F /* Release */,
			);
			defaultConfigurationIsVisible = 0;
			defaultConfigurationName = Release;
		};
		7CD74DAF283CC79D000D696F /* Build configuration list for PBXNativeTarget "ImdbApiParser" */ = {
			isa = XCConfigurationList;
			buildConfigurations = (
				7CD74DB0283CC79D000D696F /* Debug */,
				7CD74DB1283CC79D000D696F /* Release */,
			);
			defaultConfigurationIsVisible = 0;
			defaultConfigurationName = Release;
		};
/* End XCConfigurationList section */
	};
	rootObject = 7CD74D99283CC799000D696F /* Project object */;
}
